<?xml version="1.0" encoding="utf-8"?>
<Project ToolsVersion="4.0" xmlns="http://schemas.microsoft.com/developer/msbuild/2003">
  <ItemGroup>
    <Filter Include="Source Files">
      <UniqueIdentifier>{4FC737F1-C7A5-4376-A066-2A32D752A2FF}</UniqueIdentifier>
      <Extensions>cpp;c;cc;cxx;def;odl;idl;hpj;bat;asm;asmx</Extensions>
    </Filter>
    <Filter Include="Header Files">
      <UniqueIdentifier>{93995380-89BD-4b04-88EB-625FBE52EBFB}</UniqueIdentifier>
      <Extensions>h;hpp;hxx;hm;inc;xsd</Extensions>
    </Filter>
    <Filter Include="Resource Files">
      <UniqueIdentifier>{67DA6AB6-F800-4c08-8B7A-83BB121AAD01}</UniqueIdentifier>
      <Extensions>rc;ico;cur;bmp;dlg;rc2;rct;bin;rgs;gif;jpg;jpeg;jpe;resx;tiff;tif;png;wav;mfcribbon-ms</Extensions>
    </Filter>
    <Filter Include="Inline Files">
      <UniqueIdentifier>{0c626331-4ef8-4215-880e-87f006d61f5a}</UniqueIdentifier>
      <Extensions>inl</Extensions>
    </Filter>
  </ItemGroup>
  <ItemGroup>
    <ClInclude Include="config-win32.h">
      <Filter>Header Files</Filter>
    </ClInclude>
    <ClInclude Include="TimeValue.h">
      <Filter>Header Files</Filter>
    </ClInclude>
    <ClInclude Include="ThreadSemaphore.h">
      <Filter>Header Files</Filter>
    </ClInclude>
    <ClInclude Include="ThreadMutex.h">
      <Filter>Header Files</Filter>
    </ClInclude>
    <ClInclude Include="Thread.h">
      <Filter>Header Files</Filter>
    </ClInclude>
    <ClInclude Include="ThreadPool.h">
      <Filter>Header Files</Filter>
    </ClInclude>
    <ClInclude Include="lne.h">
      <Filter>Header Files</Filter>
    </ClInclude>
    <ClInclude Include="config.h">
      <Filter>Header Files</Filter>
    </ClInclude>
    <ClInclude Include="ThreadLock.h">
      <Filter>Header Files</Filter>
    </ClInclude>
    <ClInclude Include="ThreadCondition.h">
      <Filter>Header Files</Filter>
    </ClInclude>
    <ClInclude Include="DataBlock.h">
      <Filter>Header Files</Filter>
    </ClInclude>
    <ClInclude Include="SockWaves.h">
      <Filter>Header Files</Filter>
    </ClInclude>
    <ClInclude Include="SockAddr.h">
      <Filter>Header Files</Filter>
    </ClInclude>
    <ClInclude Include="SockAcceptor.h">
      <Filter>Header Files</Filter>
    </ClInclude>
    <ClInclude Include="DataBlockPool.h">
      <Filter>Header Files</Filter>
    </ClInclude>
    <ClInclude Include="SockConnector.h">
      <Filter>Header Files</Filter>
    </ClInclude>
    <ClInclude Include="SockStream.h">
      <Filter>Header Files</Filter>
    </ClInclude>
    <ClInclude Include="ObjectList_T.h">
      <Filter>Header Files</Filter>
    </ClInclude>
    <ClInclude Include="ObjectQueue_T.h">
      <Filter>Header Files</Filter>
    </ClInclude>
    <ClInclude Include="ObjectStack_T.h">
      <Filter>Header Files</Filter>
    </ClInclude>
    <ClInclude Include="SockSpray.h">
      <Filter>Header Files</Filter>
    </ClInclude>
    <ClInclude Include="SockReactor.h">
      <Filter>Header Files</Filter>
    </ClInclude>
    <ClInclude Include="SockEventer.h">
      <Filter>Header Files</Filter>
    </ClInclude>
    <ClInclude Include="BaseObject.h">
      <Filter>Header Files</Filter>
    </ClInclude>
    <ClInclude Include="ExtendObject.h">
      <Filter>Header Files</Filter>
    </ClInclude>
    <ClInclude Include="SockObject.h">
      <Filter>Header Files</Filter>
    </ClInclude>
  </ItemGroup>
  <ItemGroup>
    <ClCompile Include="Thread.cpp">
      <Filter>Source Files</Filter>
    </ClCompile>
    <ClCompile Include="ThreadPool.cpp">
      <Filter>Source Files</Filter>
    </ClCompile>
    <ClCompile Include="TimeValue.cpp">
      <Filter>Source Files</Filter>
    </ClCompile>
    <ClCompile Include="ThreadMutex.cpp">
      <Filter>Source Files</Filter>
    </ClCompile>
    <ClCompile Include="ThreadSemaphore.cpp">
      <Filter>Source Files</Filter>
    </ClCompile>
    <ClCompile Include="ThreadCondition.cpp">
      <Filter>Source Files</Filter>
    </ClCompile>
    <ClCompile Include="DataBlock.cpp">
      <Filter>Source Files</Filter>
    </ClCompile>
    <ClCompile Include="SockWaves.cpp">
      <Filter>Source Files</Filter>
    </ClCompile>
    <ClCompile Include="SockAddr.cpp">
      <Filter>Source Files</Filter>
    </ClCompile>
    <ClCompile Include="lne.cpp">
      <Filter>Source Files</Filter>
    </ClCompile>
    <ClCompile Include="SockAcceptor.cpp">
      <Filter>Source Files</Filter>
    </ClCompile>
    <ClCompile Include="DataBlockPool.cpp">
      <Filter>Source Files</Filter>
    </ClCompile>
    <ClCompile Include="SockConnector.cpp">
      <Filter>Source Files</Filter>
    </ClCompile>
    <ClCompile Include="SockStream.cpp">
      <Filter>Source Files</Filter>
    </ClCompile>
    <ClCompile Include="SockSpray.cpp">
      <Filter>Source Files</Filter>
    </ClCompile>
    <ClCompile Include="SockReactor.cpp">
      <Filter>Source Files</Filter>
    </ClCompile>
    <ClCompile Include="SockEventer.cpp">
      <Filter>Source Files</Filter>
    </ClCompile>
    <ClCompile Include="BaseObject.cpp">
      <Filter>Source Files</Filter>
    </ClCompile>
    <ClCompile Include="ExtendObject.cpp">
      <Filter>Source Files</Filter>
    </ClCompile>
    <ClCompile Include="SockObject.cpp">
      <Filter>Source Files</Filter>
    </ClCompile>
  </ItemGroup>
</Project>
